// !$*UTF8*$!
{
	archiveVersion = 1;
	classes = {
	};
	objectVersion = 56;
	objects = {

/* Begin PBXBuildFile section */
		38126EB1297B35630020DDFA /* BriskListProApp.swift in Sources */ = {isa = PBXBuildFile; fileRef = 38126EB0297B35630020DDFA /* BriskListProApp.swift */; };
		38126EB3297B35630020DDFA /* ContentView.swift in Sources */ = {isa = PBXBuildFile; fileRef = 38126EB2297B35630020DDFA /* ContentView.swift */; };
		38126EB5297B35640020DDFA /* Assets.xcassets in Resources */ = {isa = PBXBuildFile; fileRef = 38126EB4297B35640020DDFA /* Assets.xcassets */; };
		38126EB8297B35640020DDFA /* Preview Assets.xcassets in Resources */ = {isa = PBXBuildFile; fileRef = 38126EB7297B35640020DDFA /* Preview Assets.xcassets */; };
		38126EC6297C35AC0020DDFA /* ShareViewController.swift in Sources */ = {isa = PBXBuildFile; fileRef = 38126EC5297C35AC0020DDFA /* ShareViewController.swift */; };
		38126EC9297C35AC0020DDFA /* MainInterface.storyboard in Resources */ = {isa = PBXBuildFile; fileRef = 38126EC7297C35AC0020DDFA /* MainInterface.storyboard */; };
		38126ECD297C35AC0020DDFA /* ArticleSaver.appex in Embed Foundation Extensions */ = {isa = PBXBuildFile; fileRef = 38126EC3297C35AC0020DDFA /* ArticleSaver.appex */; settings = {ATTRIBUTES = (RemoveHeadersOnCopy, ); }; };
		38126ED4297C36880020DDFA /* CoreData.swift in Sources */ = {isa = PBXBuildFile; fileRef = 38126ED3297C36880020DDFA /* CoreData.swift */; };
		38126ED6297C37110020DDFA /* Action.js in Resources */ = {isa = PBXBuildFile; fileRef = 38126ED5297C37110020DDFA /* Action.js */; };
		38126ED7297C52A90020DDFA /* CoreData.swift in Sources */ = {isa = PBXBuildFile; fileRef = 38126ED3297C36880020DDFA /* CoreData.swift */; };
		38126EDA297C52D10020DDFA /* DataModel.xcdatamodeld in Sources */ = {isa = PBXBuildFile; fileRef = 38126ED8297C52D10020DDFA /* DataModel.xcdatamodeld */; };
		38126EDB297C53120020DDFA /* DataModel.xcdatamodeld in Sources */ = {isa = PBXBuildFile; fileRef = 38126ED8297C52D10020DDFA /* DataModel.xcdatamodeld */; };
/* End PBXBuildFile section */

/* Begin PBXContainerItemProxy section */
		38126ECB297C35AC0020DDFA /* PBXContainerItemProxy */ = {
			isa = PBXContainerItemProxy;
			containerPortal = 38126EA5297B35630020DDFA /* Project object */;
			proxyType = 1;
			remoteGlobalIDString = 38126EC2297C35AC0020DDFA;
			remoteInfo = ArticleSaver;
		};
/* End PBXContainerItemProxy section */

/* Begin PBXCopyFilesBuildPhase section */
		38126ED1297C35AC0020DDFA /* Embed Foundation Extensions */ = {
			isa = PBXCopyFilesBuildPhase;
			buildActionMask = 2147483647;
			dstPath = "";
			dstSubfolderSpec = 13;
			files = (
				38126ECD297C35AC0020DDFA /* ArticleSaver.appex in Embed Foundation Extensions */,
			);
			name = "Embed Foundation Extensions";
			runOnlyForDeploymentPostprocessing = 0;
		};
/* End PBXCopyFilesBuildPhase section */

/* Begin PBXFileReference section */
		38126EAD297B35630020DDFA /* BriskListPro.app */ = {isa = PBXFileReference; explicitFileType = wrapper.application; includeInIndex = 0; path = BriskListPro.app; sourceTree = BUILT_PRODUCTS_DIR; };
		38126EB0297B35630020DDFA /* BriskListProApp.swift */ = {isa = PBXFileReference; lastKnownFileType = sourcecode.swift; path = BriskListProApp.swift; sourceTree = "<group>"; };
		38126EB2297B35630020DDFA /* ContentView.swift */ = {isa = PBXFileReference; lastKnownFileType = sourcecode.swift; path = ContentView.swift; sourceTree = "<group>"; };
		38126EB4297B35640020DDFA /* Assets.xcassets */ = {isa = PBXFileReference; lastKnownFileType = folder.assetcatalog; path = Assets.xcassets; sourceTree = "<group>"; };
		38126EB7297B35640020DDFA /* Preview Assets.xcassets */ = {isa = PBXFileReference; lastKnownFileType = folder.assetcatalog; path = "Preview Assets.xcassets"; sourceTree = "<group>"; };
		38126EBE297C351E0020DDFA /* BriskListPro.entitlements */ = {isa = PBXFileReference; lastKnownFileType = text.plist.entitlements; path = BriskListPro.entitlements; sourceTree = "<group>"; };
		38126EC3297C35AC0020DDFA /* ArticleSaver.appex */ = {isa = PBXFileReference; explicitFileType = "wrapper.app-extension"; includeInIndex = 0; path = ArticleSaver.appex; sourceTree = BUILT_PRODUCTS_DIR; };
		38126EC5297C35AC0020DDFA /* ShareViewController.swift */ = {isa = PBXFileReference; lastKnownFileType = sourcecode.swift; path = ShareViewController.swift; sourceTree = "<group>"; };
		38126EC8297C35AC0020DDFA /* Base */ = {isa = PBXFileReference; lastKnownFileType = file.storyboard; name = Base; path = Base.lproj/MainInterface.storyboard; sourceTree = "<group>"; };
		38126ECA297C35AC0020DDFA /* Info.plist */ = {isa = PBXFileReference; lastKnownFileType = text.plist.xml; path = Info.plist; sourceTree = "<group>"; };
		38126ED2297C35C50020DDFA /* ArticleSaver.entitlements */ = {isa = PBXFileReference; lastKnownFileType = text.plist.entitlements; path = ArticleSaver.entitlements; sourceTree = "<group>"; };
		38126ED3297C36880020DDFA /* CoreData.swift */ = {isa = PBXFileReference; lastKnownFileType = sourcecode.swift; path = CoreData.swift; sourceTree = "<group>"; };
		38126ED5297C37110020DDFA /* Action.js */ = {isa = PBXFileReference; lastKnownFileType = sourcecode.javascript; path = Action.js; sourceTree = "<group>"; };
		38126ED9297C52D10020DDFA /* DataModel.xcdatamodel */ = {isa = PBXFileReference; lastKnownFileType = wrapper.xcdatamodel; path = DataModel.xcdatamodel; sourceTree = "<group>"; };
/* End PBXFileReference section */

/* Begin PBXFrameworksBuildPhase section */
		38126EAA297B35630020DDFA /* Frameworks */ = {
			isa = PBXFrameworksBuildPhase;
			buildActionMask = 2147483647;
			files = (
			);
			runOnlyForDeploymentPostprocessing = 0;
		};
		38126EC0297C35AC0020DDFA /* Frameworks */ = {
			isa = PBXFrameworksBuildPhase;
			buildActionMask = 2147483647;
			files = (
			);
			runOnlyForDeploymentPostprocessing = 0;
		};
/* End PBXFrameworksBuildPhase section */

/* Begin PBXGroup section */
		38126EA4297B35630020DDFA = {
			isa = PBXGroup;
			children = (
				38126ED3297C36880020DDFA /* CoreData.swift */,
				38126ED8297C52D10020DDFA /* DataModel.xcdatamodeld */,
				38126EAF297B35630020DDFA /* BriskListPro */,
				38126EC4297C35AC0020DDFA /* ArticleSaver */,
				38126EAE297B35630020DDFA /* Products */,
			);
			sourceTree = "<group>";
		};
		38126EAE297B35630020DDFA /* Products */ = {
			isa = PBXGroup;
			children = (
				38126EAD297B35630020DDFA /* BriskListPro.app */,
				38126EC3297C35AC0020DDFA /* ArticleSaver.appex */,
			);
			name = Products;
			sourceTree = "<group>";
		};
		38126EAF297B35630020DDFA /* BriskListPro */ = {
			isa = PBXGroup;
			children = (
				38126EBE297C351E0020DDFA /* BriskListPro.entitlements */,
				38126EB0297B35630020DDFA /* BriskListProApp.swift */,
				38126EB2297B35630020DDFA /* ContentView.swift */,
				38126EB4297B35640020DDFA /* Assets.xcassets */,
				38126EB6297B35640020DDFA /* Preview Content */,
			);
			path = BriskListPro;
			sourceTree = "<group>";
		};
		38126EB6297B35640020DDFA /* Preview Content */ = {
			isa = PBXGroup;
			children = (
				38126EB7297B35640020DDFA /* Preview Assets.xcassets */,
			);
			path = "Preview Content";
			sourceTree = "<group>";
		};
		38126EC4297C35AC0020DDFA /* ArticleSaver */ = {
			isa = PBXGroup;
			children = (
				38126ED2297C35C50020DDFA /* ArticleSaver.entitlements */,
				38126EC5297C35AC0020DDFA /* ShareViewController.swift */,
				38126EC7297C35AC0020DDFA /* MainInterface.storyboard */,
				38126ECA297C35AC0020DDFA /* Info.plist */,
				38126ED5297C37110020DDFA /* Action.js */,
			);
			path = ArticleSaver;
			sourceTree = "<group>";
		};
/* End PBXGroup section */

/* Begin PBXNativeTarget section */
		38126EAC297B35630020DDFA /* BriskListPro */ = {
			isa = PBXNativeTarget;
			buildConfigurationList = 38126EBB297B35640020DDFA /* Build configuration list for PBXNativeTarget "BriskListPro" */;
			buildPhases = (
				38126EA9297B35630020DDFA /* Sources */,
				38126EAA297B35630020DDFA /* Frameworks */,
				38126EAB297B35630020DDFA /* Resources */,
				38126ED1297C35AC0020DDFA /* Embed Foundation Extensions */,
			);
			buildRules = (
			);
			dependencies = (
				38126ECC297C35AC0020DDFA /* PBXTargetDependency */,
			);
			name = BriskListPro;
			productName = BriskListPro;
			productReference = 38126EAD297B35630020DDFA /* BriskListPro.app */;
			productType = "com.apple.product-type.application";
		};
		38126EC2297C35AC0020DDFA /* ArticleSaver */ = {
			isa = PBXNativeTarget;
			buildConfigurationList = 38126ECE297C35AC0020DDFA /* Build configuration list for PBXNativeTarget "ArticleSaver" */;
			buildPhases = (
				38126EBF297C35AC0020DDFA /* Sources */,
				38126EC0297C35AC0020DDFA /* Frameworks */,
				38126EC1297C35AC0020DDFA /* Resources */,
			);
			buildRules = (
			);
			dependencies = (
			);
			name = ArticleSaver;
			productName = ArticleSaver;
			productReference = 38126EC3297C35AC0020DDFA /* ArticleSaver.appex */;
			productType = "com.apple.product-type.app-extension";
		};
/* End PBXNativeTarget section */

/* Begin PBXProject section */
		38126EA5297B35630020DDFA /* Project object */ = {
			isa = PBXProject;
			attributes = {
				BuildIndependentTargetsInParallel = 1;
				LastSwiftUpdateCheck = 1420;
				LastUpgradeCheck = 1420;
				TargetAttributes = {
					38126EAC297B35630020DDFA = {
						CreatedOnToolsVersion = 14.2;
					};
					38126EC2297C35AC0020DDFA = {
						CreatedOnToolsVersion = 14.2;
					};
				};
			};
			buildConfigurationList = 38126EA8297B35630020DDFA /* Build configuration list for PBXProject "BriskListPro" */;
			compatibilityVersion = "Xcode 14.0";
			developmentRegion = en;
			hasScannedForEncodings = 0;
			knownRegions = (
				en,
				Base,
			);
			mainGroup = 38126EA4297B35630020DDFA;
			productRefGroup = 38126EAE297B35630020DDFA /* Products */;
			projectDirPath = "";
			projectRoot = "";
			targets = (
				38126EAC297B35630020DDFA /* BriskListPro */,
				38126EC2297C35AC0020DDFA /* ArticleSaver */,
			);
		};
/* End PBXProject section */

/* Begin PBXResourcesBuildPhase section */
		38126EAB297B35630020DDFA /* Resources */ = {
			isa = PBXResourcesBuildPhase;
			buildActionMask = 2147483647;
			files = (
				38126EB8297B35640020DDFA /* Preview Assets.xcassets in Resources */,
				38126EB5297B35640020DDFA /* Assets.xcassets in Resources */,
			);
			runOnlyForDeploymentPostprocessing = 0;
		};
		38126EC1297C35AC0020DDFA /* Resources */ = {
			isa = PBXResourcesBuildPhase;
			buildActionMask = 2147483647;
			files = (
				38126ED6297C37110020DDFA /* Action.js in Resources */,
				38126EC9297C35AC0020DDFA /* MainInterface.storyboard in Resources */,
			);
			runOnlyForDeploymentPostprocessing = 0;
		};
/* End PBXResourcesBuildPhase section */

/* Begin PBXSourcesBuildPhase section */
		38126EA9297B35630020DDFA /* Sources */ = {
			isa = PBXSourcesBuildPhase;
			buildActionMask = 2147483647;
			files = (
				38126EB3297B35630020DDFA /* ContentView.swift in Sources */,
				38126EDB297C53120020DDFA /* DataModel.xcdatamodeld in Sources */,
				38126ED4297C36880020DDFA /* CoreData.swift in Sources */,
				38126EB1297B35630020DDFA /* BriskListProApp.swift in Sources */,
			);
			runOnlyForDeploymentPostprocessing = 0;
		};
		38126EBF297C35AC0020DDFA /* Sources */ = {
			isa = PBXSourcesBuildPhase;
			buildActionMask = 2147483647;
			files = (
				38126EDA297C52D10020DDFA /* DataModel.xcdatamodeld in Sources */,
				38126ED7297C52A90020DDFA /* CoreData.swift in Sources */,
				38126EC6297C35AC0020DDFA /* ShareViewController.swift in Sources */,
			);
			runOnlyForDeploymentPostprocessing = 0;
		};
/* End PBXSourcesBuildPhase section */

/* Begin PBXTargetDependency section */
		38126ECC297C35AC0020DDFA /* PBXTargetDependency */ = {
			isa = PBXTargetDependency;
			target = 38126EC2297C35AC0020DDFA /* ArticleSaver */;
			targetProxy = 38126ECB297C35AC0020DDFA /* PBXContainerItemProxy */;
		};
/* End PBXTargetDependency section */

/* Begin PBXVariantGroup section */
		38126EC7297C35AC0020DDFA /* MainInterface.storyboard */ = {
			isa = PBXVariantGroup;
			children = (
				38126EC8297C35AC0020DDFA /* Base */,
			);
			name = MainInterface.storyboard;
			sourceTree = "<group>";
		};
/* End PBXVariantGroup section */

/* Begin XCBuildConfiguration section */
		38126EB9297B35640020DDFA /* Debug */ = {
			isa = XCBuildConfiguration;
			buildSettings = {
				ALWAYS_SEARCH_USER_PATHS = NO;
				CLANG_ANALYZER_NONNULL = YES;
				CLANG_ANALYZER_NUMBER_OBJECT_CONVERSION = YES_AGGRESSIVE;
				CLANG_CXX_LANGUAGE_STANDARD = "gnu++20";
				CLANG_ENABLE_MODULES = YES;
				CLANG_ENABLE_OBJC_ARC = YES;
				CLANG_ENABLE_OBJC_WEAK = YES;
				CLANG_WARN_BLOCK_CAPTURE_AUTORELEASING = YES;
				CLANG_WARN_BOOL_CONVERSION = YES;
				CLANG_WARN_COMMA = YES;
				CLANG_WARN_CONSTANT_CONVERSION = YES;
				CLANG_WARN_DEPRECATED_OBJC_IMPLEMENTATIONS = YES;
				CLANG_WARN_DIRECT_OBJC_ISA_USAGE = YES_ERROR;
				CLANG_WARN_DOCUMENTATION_COMMENTS = YES;
				CLANG_WARN_EMPTY_BODY = YES;
				CLANG_WARN_ENUM_CONVERSION = YES;
				CLANG_WARN_INFINITE_RECURSION = YES;
				CLANG_WARN_INT_CONVERSION = YES;
				CLANG_WARN_NON_LITERAL_NULL_CONVERSION = YES;
				CLANG_WARN_OBJC_IMPLICIT_RETAIN_SELF = YES;
				CLANG_WARN_OBJC_LITERAL_CONVERSION = YES;
				CLANG_WARN_OBJC_ROOT_CLASS = YES_ERROR;
				CLANG_WARN_QUOTED_INCLUDE_IN_FRAMEWORK_HEADER = YES;
				CLANG_WARN_RANGE_LOOP_ANALYSIS = YES;
				CLANG_WARN_STRICT_PROTOTYPES = YES;
				CLANG_WARN_SUSPICIOUS_MOVE = YES;
				CLANG_WARN_UNGUARDED_AVAILABILITY = YES_AGGRESSIVE;
				CLANG_WARN_UNREACHABLE_CODE = YES;
				CLANG_WARN__DUPLICATE_METHOD_MATCH = YES;
				COPY_PHASE_STRIP = NO;
				DEBUG_INFORMATION_FORMAT = dwarf;
				ENABLE_STRICT_OBJC_MSGSEND = YES;
				ENABLE_TESTABILITY = YES;
				GCC_C_LANGUAGE_STANDARD = gnu11;
				GCC_DYNAMIC_NO_PIC = NO;
				GCC_NO_COMMON_BLOCKS = YES;
				GCC_OPTIMIZATION_LEVEL = 0;
				GCC_PREPROCESSOR_DEFINITIONS = (
					"DEBUG=1",
					"$(inherited)",
				);
				GCC_WARN_64_TO_32_BIT_CONVERSION = YES;
				GCC_WARN_ABOUT_RETURN_TYPE = YES_ERROR;
				GCC_WARN_UNDECLARED_SELECTOR = YES;
				GCC_WARN_UNINITIALIZED_AUTOS = YES_AGGRESSIVE;
				GCC_WARN_UNUSED_FUNCTION = YES;
				GCC_WARN_UNUSED_VARIABLE = YES;
				IPHONEOS_DEPLOYMENT_TARGET = 16.2;
				MTL_ENABLE_DEBUG_INFO = INCLUDE_SOURCE;
				MTL_FAST_MATH = YES;
				ONLY_ACTIVE_ARCH = YES;
				SDKROOT = iphoneos;
				SWIFT_ACTIVE_COMPILATION_CONDITIONS = DEBUG;
				SWIFT_OPTIMIZATION_LEVEL = "-Onone";
			};
			name = Debug;
		};
		38126EBA297B35640020DDFA /* Release */ = {
			isa = XCBuildConfiguration;
			buildSettings = {
				ALWAYS_SEARCH_USER_PATHS = NO;
				CLANG_ANALYZER_NONNULL = YES;
				CLANG_ANALYZER_NUMBER_OBJECT_CONVERSION = YES_AGGRESSIVE;
				CLANG_CXX_LANGUAGE_STANDARD = "gnu++20";
				CLANG_ENABLE_MODULES = YES;
				CLANG_ENABLE_OBJC_ARC = YES;
				CLANG_ENABLE_OBJC_WEAK = YES;
				CLANG_WARN_BLOCK_CAPTURE_AUTORELEASING = YES;
				CLANG_WARN_BOOL_CONVERSION = YES;
				CLANG_WARN_COMMA = YES;
				CLANG_WARN_CONSTANT_CONVERSION = YES;
				CLANG_WARN_DEPRECATED_OBJC_IMPLEMENTATIONS = YES;
				CLANG_WARN_DIRECT_OBJC_ISA_USAGE = YES_ERROR;
				CLANG_WARN_DOCUMENTATION_COMMENTS = YES;
				CLANG_WARN_EMPTY_BODY = YES;
				CLANG_WARN_ENUM_CONVERSION = YES;
				CLANG_WARN_INFINITE_RECURSION = YES;
				CLANG_WARN_INT_CONVERSION = YES;
				CLANG_WARN_NON_LITERAL_NULL_CONVERSION = YES;
				CLANG_WARN_OBJC_IMPLICIT_RETAIN_SELF = YES;
				CLANG_WARN_OBJC_LITERAL_CONVERSION = YES;
				CLANG_WARN_OBJC_ROOT_CLASS = YES_ERROR;
				CLANG_WARN_QUOTED_INCLUDE_IN_FRAMEWORK_HEADER = YES;
				CLANG_WARN_RANGE_LOOP_ANALYSIS = YES;
				CLANG_WARN_STRICT_PROTOTYPES = YES;
				CLANG_WARN_SUSPICIOUS_MOVE = YES;
				CLANG_WARN_UNGUARDED_AVAILABILITY = YES_AGGRESSIVE;
				CLANG_WARN_UNREACHABLE_CODE = YES;
				CLANG_WARN__DUPLICATE_METHOD_MATCH = YES;
				COPY_PHASE_STRIP = NO;
				DEBUG_INFORMATION_FORMAT = "dwarf-with-dsym";
				ENABLE_NS_ASSERTIONS = NO;
				ENABLE_STRICT_OBJC_MSGSEND = YES;
				GCC_C_LANGUAGE_STANDARD = gnu11;
				GCC_NO_COMMON_BLOCKS = YES;
				GCC_WARN_64_TO_32_BIT_CONVERSION = YES;
				GCC_WARN_ABOUT_RETURN_TYPE = YES_ERROR;
				GCC_WARN_UNDECLARED_SELECTOR = YES;
				GCC_WARN_UNINITIALIZED_AUTOS = YES_AGGRESSIVE;
				GCC_WARN_UNUSED_FUNCTION = YES;
				GCC_WARN_UNUSED_VARIABLE = YES;
				IPHONEOS_DEPLOYMENT_TARGET = 16.2;
				MTL_ENABLE_DEBUG_INFO = NO;
				MTL_FAST_MATH = YES;
				SDKROOT = iphoneos;
				SWIFT_COMPILATION_MODE = wholemodule;
				SWIFT_OPTIMIZATION_LEVEL = "-O";
				VALIDATE_PRODUCT = YES;
			};
			name = Release;
		};
		38126EBC297B35640020DDFA /* Debug */ = {
			isa = XCBuildConfiguration;
			buildSettings = {
				ALWAYS_EMBED_SWIFT_STANDARD_LIBRARIES = YES;
				ASSETCATALOG_COMPILER_APPICON_NAME = AppIcon;
				ASSETCATALOG_COMPILER_GLOBAL_ACCENT_COLOR_NAME = AccentColor;
				CODE_SIGN_ENTITLEMENTS = BriskListPro/BriskListPro.entitlements;
				CODE_SIGN_STYLE = Automatic;
				CURRENT_PROJECT_VERSION = 1;
				DEVELOPMENT_ASSET_PATHS = "\"BriskListPro/Preview Content\"";
				DEVELOPMENT_TEAM = VYF33D2LVG;
				ENABLE_PREVIEWS = YES;
				GENERATE_INFOPLIST_FILE = YES;
				INFOPLIST_KEY_UIApplicationSceneManifest_Generation = YES;
				INFOPLIST_KEY_UIApplicationSupportsIndirectInputEvents = YES;
				INFOPLIST_KEY_UILaunchScreen_Generation = YES;
				INFOPLIST_KEY_UISupportedInterfaceOrientations_iPad = "UIInterfaceOrientationPortrait UIInterfaceOrientationPortraitUpsideDown UIInterfaceOrientationLandscapeLeft UIInterfaceOrientationLandscapeRight";
				INFOPLIST_KEY_UISupportedInterfaceOrientations_iPhone = "UIInterfaceOrientationPortrait UIInterfaceOrientationLandscapeLeft UIInterfaceOrientationLandscapeRight";
				LD_RUNPATH_SEARCH_PATHS = (
					"$(inherited)",
					"@executable_path/Frameworks",
				);
				MARKETING_VERSION = 1.0;
				PRODUCT_BUNDLE_IDENTIFIER = com.es.BriskListPro;
				PRODUCT_NAME = "$(TARGET_NAME)";
				SWIFT_EMIT_LOC_STRINGS = YES;
				SWIFT_VERSION = 5.0;
				TARGETED_DEVICE_FAMILY = "1,2";
			};
			name = Debug;
		};
		38126EBD297B35640020DDFA /* Release */ = {
			isa = XCBuildConfiguration;
			buildSettings = {
				ALWAYS_EMBED_SWIFT_STANDARD_LIBRARIES = YES;
				ASSETCATALOG_COMPILER_APPICON_NAME = AppIcon;
				ASSETCATALOG_COMPILER_GLOBAL_ACCENT_COLOR_NAME = AccentColor;
				CODE_SIGN_ENTITLEMENTS = BriskListPro/BriskListPro.entitlements;
				CODE_SIGN_STYLE = Automatic;
				CURRENT_PROJECT_VERSION = 1;
				DEVELOPMENT_ASSET_PATHS = "\"BriskListPro/Preview Content\"";
				DEVELOPMENT_TEAM = VYF33D2LVG;
				ENABLE_PREVIEWS = YES;
				GENERATE_INFOPLIST_FILE = YES;
				INFOPLIST_KEY_UIApplicationSceneManifest_Generation = YES;
				INFOPLIST_KEY_UIApplicationSupportsIndirectInputEvents = YES;
				INFOPLIST_KEY_UILaunchScreen_Generation = YES;
				INFOPLIST_KEY_UISupportedInterfaceOrientations_iPad = "UIInterfaceOrientationPortrait UIInterfaceOrientationPortraitUpsideDown UIInterfaceOrientationLandscapeLeft UIInterfaceOrientationLandscapeRight";
				INFOPLIST_KEY_UISupportedInterfaceOrientations_iPhone = "UIInterfaceOrientationPortrait UIInterfaceOrientationLandscapeLeft UIInterfaceOrientationLandscapeRight";
				LD_RUNPATH_SEARCH_PATHS = (
					"$(inherited)",
					"@executable_path/Frameworks",
				);
				MARKETING_VERSION = 1.0;
				PRODUCT_BUNDLE_IDENTIFIER = com.es.BriskListPro;
				PRODUCT_NAME = "$(TARGET_NAME)";
				SWIFT_EMIT_LOC_STRINGS = YES;
				SWIFT_VERSION = 5.0;
				TARGETED_DEVICE_FAMILY = "1,2";
			};
			name = Release;
		};
		38126ECF297C35AC0020DDFA /* Debug */ = {
			isa = XCBuildConfiguration;
			buildSettings = {
				CODE_SIGN_ENTITLEMENTS = ArticleSaver/ArticleSaver.entitlements;
				CODE_SIGN_STYLE = Automatic;
				CURRENT_PROJECT_VERSION = 1;
				DEVELOPMENT_TEAM = VYF33D2LVG;
				GENERATE_INFOPLIST_FILE = YES;
				INFOPLIST_FILE = ArticleSaver/Info.plist;
				INFOPLIST_KEY_CFBundleDisplayName = ArticleSaver;
				INFOPLIST_KEY_NSHumanReadableCopyright = "";
				LD_RUNPATH_SEARCH_PATHS = (
					"$(inherited)",
					"@executable_path/Frameworks",
					"@executable_path/../../Frameworks",
				);
				MARKETING_VERSION = 1.0;
				PRODUCT_BUNDLE_IDENTIFIER = com.es.BriskListPro.ArticleSaver;
				PRODUCT_NAME = "$(TARGET_NAME)";
				SKIP_INSTALL = YES;
				SWIFT_EMIT_LOC_STRINGS = YES;
				SWIFT_VERSION = 5.0;
				TARGETED_DEVICE_FAMILY = "1,2";
			};
			name = Debug;
		};
		38126ED0297C35AC0020DDFA /* Release */ = {
			isa = XCBuildConfiguration;
			buildSettings = {
				CODE_SIGN_ENTITLEMENTS = ArticleSaver/ArticleSaver.entitlements;
				CODE_SIGN_STYLE = Automatic;
				CURRENT_PROJECT_VERSION = 1;
				DEVELOPMENT_TEAM = VYF33D2LVG;
				GENERATE_INFOPLIST_FILE = YES;
				INFOPLIST_FILE = ArticleSaver/Info.plist;
				INFOPLIST_KEY_CFBundleDisplayName = ArticleSaver;
				INFOPLIST_KEY_NSHumanReadableCopyright = "";
				LD_RUNPATH_SEARCH_PATHS = (
					"$(inherited)",
					"@executable_path/Frameworks",
					"@executable_path/../../Frameworks",
				);
				MARKETING_VERSION = 1.0;
				PRODUCT_BUNDLE_IDENTIFIER = com.es.BriskListPro.ArticleSaver;
				PRODUCT_NAME = "$(TARGET_NAME)";
				SKIP_INSTALL = YES;
				SWIFT_EMIT_LOC_STRINGS = YES;
				SWIFT_VERSION = 5.0;
				TARGETED_DEVICE_FAMILY = "1,2";
			};
			name = Release;
		};
/* End XCBuildConfiguration section */

/* Begin XCConfigurationList section */
		38126EA8297B35630020DDFA /* Build configuration list for PBXProject "BriskListPro" */ = {
			isa = XCConfigurationList;
			buildConfigurations = (
				38126EB9297B35640020DDFA /* Debug */,
				38126EBA297B35640020DDFA /* Release */,
			);
			defaultConfigurationIsVisible = 0;
			defaultConfigurationName = Release;
		};
		38126EBB297B35640020DDFA /* Build configuration list for PBXNativeTarget "BriskListPro" */ = {
			isa = XCConfigurationList;
			buildConfigurations = (
				38126EBC297B35640020DDFA /* Debug */,
				38126EBD297B35640020DDFA /* Release */,
			);
			defaultConfigurationIsVisible = 0;
			defaultConfigurationName = Release;
		};
		38126ECE297C35AC0020DDFA /* Build configuration list for PBXNativeTarget "ArticleSaver" */ = {
			isa = XCConfigurationList;
			buildConfigurations = (
				38126ECF297C35AC0020DDFA /* Debug */,
				38126ED0297C35AC0020DDFA /* Release */,
			);
			defaultConfigurationIsVisible = 0;
			defaultConfigurationName = Release;
		};
/* End XCConfigurationList section */

/* Begin XCVersionGroup section */
		38126ED8297C52D10020DDFA /* DataModel.xcdatamodeld */ = {
			isa = XCVersionGroup;
			children = (
				38126ED9297C52D10020DDFA /* DataModel.xcdatamodel */,
			);
			currentVersion = 38126ED9297C52D10020DDFA /* DataModel.xcdatamodel */;
			path = DataModel.xcdatamodeld;
			sourceTree = "<group>";
			versionGroupType = wrapper.xcdatamodel;
		};
/* End XCVersionGroup section */
	};
	rootObject = 38126EA5297B35630020DDFA /* Project object */;
}
